
Microsoft Visual Studio Solution File, Format Version 12.00
# Visual Studio 14
VisualStudioVersion = 14.0.25420.1
MinimumVisualStudioVersion = 10.0.40219.1
Project("{FAE04EC0-301F-11D3-BF4B-00C04F79EFBC}") = "BinaryPasswords", "BinaryPasswords\BinaryPasswords.csproj", "{C1039447-7E51-40A3-A30E-11A343597580}"
EndProject
Project("{FAE04EC0-301F-11D3-BF4B-00C04F79EFBC}") = "ColoredRabbits", "ColoredRabbits\ColoredRabbits.csproj", "{D83F8CAD-42F7-4DA6-8543-771CBD256518}"
EndProject
Project("{FAE04EC0-301F-11D3-BF4B-00C04F79EFBC}") = "ZigZag", "ZigZag\ZigZag.csproj", "{7B41ABF7-EBB1-4396-8E22-02E0562843DB}"
EndProject
Global
	GlobalSection(SolutionConfigurationPlatforms) = preSolution
		Debug|Any CPU = Debug|Any CPU
		Release|Any CPU = Release|Any CPU
	EndGlobalSection
	GlobalSection(ProjectConfigurationPlatforms) = postSolution
		{C1039447-7E51-40A3-A30E-11A343597580}.Debug|Any CPU.ActiveCfg = Debug|Any CPU
		{C1039447-7E51-40A3-A30E-11A343597580}.Debug|Any CPU.Build.0 = Debug|Any CPU
		{C1039447-7E51-40A3-A30E-11A343597580}.Release|Any CPU.ActiveCfg = Release|Any CPU
		{C1039447-7E51-40A3-A30E-11A343597580}.Release|Any CPU.Build.0 = Release|Any CPU
		{D83F8CAD-42F7-4DA6-8543-771CBD256518}.Debug|Any CPU.ActiveCfg = Debug|Any CPU
		{D83F8CAD-42F7-4DA6-8543-771CBD256518}.Debug|Any CPU.Build.0 = Debug|Any CPU
		{D83F8CAD-42F7-4DA6-8543-771CBD256518}.Release|Any CPU.ActiveCfg = Release|Any CPU
		{D83F8CAD-42F7-4DA6-8543-771CBD256518}.Release|Any CPU.Build.0 = Release|Any CPU
		{7B41ABF7-EBB1-4396-8E22-02E0562843DB}.Debug|Any CPU.ActiveCfg = Debug|Any CPU
		{7B41ABF7-EBB1-4396-8E22-02E0562843DB}.Debug|Any CPU.Build.0 = Debug|Any CPU
		{7B41ABF7-EBB1-4396-8E22-02E0562843DB}.Release|Any CPU.ActiveCfg = Release|Any CPU
		{7B41ABF7-EBB1-4396-8E22-02E0562843DB}.Release|Any CPU.Build.0 = Release|Any CPU
	EndGlobalSection
	GlobalSection(SolutionProperties) = preSolution
		HideSolutionNode = FALSE
	EndGlobalSection
EndGlobal
